
Microsoft Visual Studio Solution File, Format Version 12.00
# Visual Studio 15
VisualStudioVersion = 15.0.28307.421
MinimumVisualStudioVersion = 10.0.40219.1
Project("{9A19103F-16F7-4668-BE54-9A1E7A4F7556}") = "EventHubPublisher", "EventHubPublisher\EventHubPublisher.csproj", "{AB3FF53C-5D8F-407C-9E68-BDD64D12A4B1}"
EndProject
Project("{9A19103F-16F7-4668-BE54-9A1E7A4F7556}") = "Mx.EventHub.Sender", "..\Mx.EventHub.Sender\Mx.EventHub.Sender.csproj", "{7F894FB5-F337-44DB-AD58-2F155C1EF2BB}"
EndProject
Project("{9A19103F-16F7-4668-BE54-9A1E7A4F7556}") = "EventHubListener", "EventHubListener\EventHubListener.csproj", "{E7FDA5CB-A53E-4758-865A-511C1433B67B}"
EndProject
Project("{FAE04EC0-301F-11D3-BF4B-00C04F79EFBC}") = "Mx.EventHub.Model", "Mx.EventHub.Model\Mx.EventHub.Model.csproj", "{03BB77F8-76FD-432E-943A-13202E6BEAEB}"
EndProject
Global
	GlobalSection(SolutionConfigurationPlatforms) = preSolution
		Debug|Any CPU = Debug|Any CPU
		Release|Any CPU = Release|Any CPU
	EndGlobalSection
	GlobalSection(ProjectConfigurationPlatforms) = postSolution
		{AB3FF53C-5D8F-407C-9E68-BDD64D12A4B1}.Debug|Any CPU.ActiveCfg = Debug|Any CPU
		{AB3FF53C-5D8F-407C-9E68-BDD64D12A4B1}.Debug|Any CPU.Build.0 = Debug|Any CPU
		{AB3FF53C-5D8F-407C-9E68-BDD64D12A4B1}.Release|Any CPU.ActiveCfg = Release|Any CPU
		{AB3FF53C-5D8F-407C-9E68-BDD64D12A4B1}.Release|Any CPU.Build.0 = Release|Any CPU
		{7F894FB5-F337-44DB-AD58-2F155C1EF2BB}.Debug|Any CPU.ActiveCfg = Debug|Any CPU
		{7F894FB5-F337-44DB-AD58-2F155C1EF2BB}.Debug|Any CPU.Build.0 = Debug|Any CPU
		{7F894FB5-F337-44DB-AD58-2F155C1EF2BB}.Release|Any CPU.ActiveCfg = Release|Any CPU
		{7F894FB5-F337-44DB-AD58-2F155C1EF2BB}.Release|Any CPU.Build.0 = Release|Any CPU
		{E7FDA5CB-A53E-4758-865A-511C1433B67B}.Debug|Any CPU.ActiveCfg = Debug|Any CPU
		{E7FDA5CB-A53E-4758-865A-511C1433B67B}.Debug|Any CPU.Build.0 = Debug|Any CPU
		{E7FDA5CB-A53E-4758-865A-511C1433B67B}.Release|Any CPU.ActiveCfg = Release|Any CPU
		{E7FDA5CB-A53E-4758-865A-511C1433B67B}.Release|Any CPU.Build.0 = Release|Any CPU
		{03BB77F8-76FD-432E-943A-13202E6BEAEB}.Debug|Any CPU.ActiveCfg = Debug|Any CPU
		{03BB77F8-76FD-432E-943A-13202E6BEAEB}.Debug|Any CPU.Build.0 = Debug|Any CPU
		{03BB77F8-76FD-432E-943A-13202E6BEAEB}.Release|Any CPU.ActiveCfg = Release|Any CPU
		{03BB77F8-76FD-432E-943A-13202E6BEAEB}.Release|Any CPU.Build.0 = Release|Any CPU
	EndGlobalSection
	GlobalSection(SolutionProperties) = preSolution
		HideSolutionNode = FALSE
	EndGlobalSection
	GlobalSection(ExtensibilityGlobals) = postSolution
		SolutionGuid = {F0A29D39-9320-4A54-AC59-462F3E52F129}
	EndGlobalSection
EndGlobal
